// !$*UTF8*$!
{
	archiveVersion = 1;
	classes = {
	};
	objectVersion = 46;
	objects = {

/* Begin PBXBuildFile section */
		2737102718EBAE0F0049309B /* TableMenuCell.m in Sources */ = {isa = PBXBuildFile; fileRef = 2737102618EBAE0F0049309B /* TableMenuCell.m */; };
		27437BB618E5780A00D075D6 /* Foundation.framework in Frameworks */ = {isa = PBXBuildFile; fileRef = 27437BB518E5780A00D075D6 /* Foundation.framework */; };
		27437BB818E5780A00D075D6 /* CoreGraphics.framework in Frameworks */ = {isa = PBXBuildFile; fileRef = 27437BB718E5780A00D075D6 /* CoreGraphics.framework */; };
		27437BBA18E5780A00D075D6 /* UIKit.framework in Frameworks */ = {isa = PBXBuildFile; fileRef = 27437BB918E5780A00D075D6 /* UIKit.framework */; };
		27437BC018E5780A00D075D6 /* InfoPlist.strings in Resources */ = {isa = PBXBuildFile; fileRef = 27437BBE18E5780A00D075D6 /* InfoPlist.strings */; };
		27437BC218E5780A00D075D6 /* main.m in Sources */ = {isa = PBXBuildFile; fileRef = 27437BC118E5780A00D075D6 /* main.m */; };
		27437BC618E5780A00D075D6 /* AJKAppDelegate.m in Sources */ = {isa = PBXBuildFile; fileRef = 27437BC518E5780A00D075D6 /* AJKAppDelegate.m */; };
		27437BC818E5780A00D075D6 /* Images.xcassets in Resources */ = {isa = PBXBuildFile; fileRef = 27437BC718E5780A00D075D6 /* Images.xcassets */; };
		27437BCF18E5780A00D075D6 /* XCTest.framework in Frameworks */ = {isa = PBXBuildFile; fileRef = 27437BCE18E5780A00D075D6 /* XCTest.framework */; };
		27437BD018E5780A00D075D6 /* Foundation.framework in Frameworks */ = {isa = PBXBuildFile; fileRef = 27437BB518E5780A00D075D6 /* Foundation.framework */; };
		27437BD118E5780A00D075D6 /* UIKit.framework in Frameworks */ = {isa = PBXBuildFile; fileRef = 27437BB918E5780A00D075D6 /* UIKit.framework */; };
		27437BD918E5780A00D075D6 /* InfoPlist.strings in Resources */ = {isa = PBXBuildFile; fileRef = 27437BD718E5780A00D075D6 /* InfoPlist.strings */; };
		27437BDB18E5780A00D075D6 /* TableViewCellMenuTests.m in Sources */ = {isa = PBXBuildFile; fileRef = 27437BDA18E5780A00D075D6 /* TableViewCellMenuTests.m */; };
		27455C9418ECF64200F7A524 /* 1HighLight.png in Resources */ = {isa = PBXBuildFile; fileRef = 27455C8E18ECF64200F7A524 /* 1HighLight.png */; };
		27455C9518ECF64200F7A524 /* 1Normal.png in Resources */ = {isa = PBXBuildFile; fileRef = 27455C8F18ECF64200F7A524 /* 1Normal.png */; };
		27455C9618ECF64200F7A524 /* 2HighLight.png in Resources */ = {isa = PBXBuildFile; fileRef = 27455C9018ECF64200F7A524 /* 2HighLight.png */; };
		27455C9718ECF64200F7A524 /* 2Normal.png in Resources */ = {isa = PBXBuildFile; fileRef = 27455C9118ECF64200F7A524 /* 2Normal.png */; };
		27455C9818ECF64200F7A524 /* 3HighLight.png in Resources */ = {isa = PBXBuildFile; fileRef = 27455C9218ECF64200F7A524 /* 3HighLight.png */; };
		27455C9918ECF64200F7A524 /* 3Normal.png in Resources */ = {isa = PBXBuildFile; fileRef = 27455C9318ECF64200F7A524 /* 3Normal.png */; };
		27455E6118EE3BF800F7A524 /* TableViewMenu.m in Sources */ = {isa = PBXBuildFile; fileRef = 27455E6018EE3BF800F7A524 /* TableViewMenu.m */; };
		27455E6418EE3DD100F7A524 /* OverLayView.m in Sources */ = {isa = PBXBuildFile; fileRef = 27455E6318EE3DD100F7A524 /* OverLayView.m */; };
		27455E6718EE588000F7A524 /* AJKDetailViewController.m in Sources */ = {isa = PBXBuildFile; fileRef = 27455E6618EE588000F7A524 /* AJKDetailViewController.m */; };
		27A53D4518EE7F100075770D /* AJKMainViewController.m in Sources */ = {isa = PBXBuildFile; fileRef = 27A53D4418EE7F100075770D /* AJKMainViewController.m */; };
/* End PBXBuildFile section */

/* Begin PBXContainerItemProxy section */
		27437BD218E5780A00D075D6 /* PBXContainerItemProxy */ = {
			isa = PBXContainerItemProxy;
			containerPortal = 27437BAA18E5780A00D075D6 /* Project object */;
			proxyType = 1;
			remoteGlobalIDString = 27437BB118E5780A00D075D6;
			remoteInfo = TableViewCellMenu;
		};
/* End PBXContainerItemProxy section */

/* Begin PBXFileReference section */
		2737102518EBAE0F0049309B /* TableMenuCell.h */ = {isa = PBXFileReference; fileEncoding = 4; lastKnownFileType = sourcecode.c.h; path = TableMenuCell.h; sourceTree = "<group>"; };
		2737102618EBAE0F0049309B /* TableMenuCell.m */ = {isa = PBXFileReference; fileEncoding = 4; lastKnownFileType = sourcecode.c.objc; path = TableMenuCell.m; sourceTree = "<group>"; };
		27437BB218E5780A00D075D6 /* TableViewCellMenu.app */ = {isa = PBXFileReference; explicitFileType = wrapper.application; includeInIndex = 0; path = TableViewCellMenu.app; sourceTree = BUILT_PRODUCTS_DIR; };
		27437BB518E5780A00D075D6 /* Foundation.framework */ = {isa = PBXFileReference; lastKnownFileType = wrapper.framework; name = Foundation.framework; path = System/Library/Frameworks/Foundation.framework; sourceTree = SDKROOT; };
		27437BB718E5780A00D075D6 /* CoreGraphics.framework */ = {isa = PBXFileReference; lastKnownFileType = wrapper.framework; name = CoreGraphics.framework; path = System/Library/Frameworks/CoreGraphics.framework; sourceTree = SDKROOT; };
		27437BB918E5780A00D075D6 /* UIKit.framework */ = {isa = PBXFileReference; lastKnownFileType = wrapper.framework; name = UIKit.framework; path = System/Library/Frameworks/UIKit.framework; sourceTree = SDKROOT; };
		27437BBD18E5780A00D075D6 /* TableViewCellMenu-Info.plist */ = {isa = PBXFileReference; lastKnownFileType = text.plist.xml; path = "TableViewCellMenu-Info.plist"; sourceTree = "<group>"; };
		27437BBF18E5780A00D075D6 /* en */ = {isa = PBXFileReference; lastKnownFileType = text.plist.strings; name = en; path = en.lproj/InfoPlist.strings; sourceTree = "<group>"; };
		27437BC118E5780A00D075D6 /* main.m */ = {isa = PBXFileReference; lastKnownFileType = sourcecode.c.objc; path = main.m; sourceTree = "<group>"; };
		27437BC318E5780A00D075D6 /* TableViewCellMenu-Prefix.pch */ = {isa = PBXFileReference; lastKnownFileType = sourcecode.c.h; path = "TableViewCellMenu-Prefix.pch"; sourceTree = "<group>"; };
		27437BC418E5780A00D075D6 /* AJKAppDelegate.h */ = {isa = PBXFileReference; lastKnownFileType = sourcecode.c.h; path = AJKAppDelegate.h; sourceTree = "<group>"; };
		27437BC518E5780A00D075D6 /* AJKAppDelegate.m */ = {isa = PBXFileReference; lastKnownFileType = sourcecode.c.objc; path = AJKAppDelegate.m; sourceTree = "<group>"; };
		27437BC718E5780A00D075D6 /* Images.xcassets */ = {isa = PBXFileReference; lastKnownFileType = folder.assetcatalog; path = Images.xcassets; sourceTree = "<group>"; };
		27437BCD18E5780A00D075D6 /* TableViewCellMenuTests.xctest */ = {isa = PBXFileReference; explicitFileType = wrapper.cfbundle; includeInIndex = 0; path = TableViewCellMenuTests.xctest; sourceTree = BUILT_PRODUCTS_DIR; };
		27437BCE18E5780A00D075D6 /* XCTest.framework */ = {isa = PBXFileReference; lastKnownFileType = wrapper.framework; name = XCTest.framework; path = Library/Frameworks/XCTest.framework; sourceTree = DEVELOPER_DIR; };
		27437BD618E5780A00D075D6 /* TableViewCellMenuTests-Info.plist */ = {isa = PBXFileReference; lastKnownFileType = text.plist.xml; path = "TableViewCellMenuTests-Info.plist"; sourceTree = "<group>"; };
		27437BD818E5780A00D075D6 /* en */ = {isa = PBXFileReference; lastKnownFileType = text.plist.strings; name = en; path = en.lproj/InfoPlist.strings; sourceTree = "<group>"; };
		27437BDA18E5780A00D075D6 /* TableViewCellMenuTests.m */ = {isa = PBXFileReference; lastKnownFileType = sourcecode.c.objc; path = TableViewCellMenuTests.m; sourceTree = "<group>"; };
		27455C8E18ECF64200F7A524 /* 1HighLight.png */ = {isa = PBXFileReference; lastKnownFileType = image.png; path = 1HighLight.png; sourceTree = "<group>"; };
		27455C8F18ECF64200F7A524 /* 1Normal.png */ = {isa = PBXFileReference; lastKnownFileType = image.png; path = 1Normal.png; sourceTree = "<group>"; };
		27455C9018ECF64200F7A524 /* 2HighLight.png */ = {isa = PBXFileReference; lastKnownFileType = image.png; path = 2HighLight.png; sourceTree = "<group>"; };
		27455C9118ECF64200F7A524 /* 2Normal.png */ = {isa = PBXFileReference; lastKnownFileType = image.png; path = 2Normal.png; sourceTree = "<group>"; };
		27455C9218ECF64200F7A524 /* 3HighLight.png */ = {isa = PBXFileReference; lastKnownFileType = image.png; path = 3HighLight.png; sourceTree = "<group>"; };
		27455C9318ECF64200F7A524 /* 3Normal.png */ = {isa = PBXFileReference; lastKnownFileType = image.png; path = 3Normal.png; sourceTree = "<group>"; };
		27455E5F18EE3BF800F7A524 /* TableViewMenu.h */ = {isa = PBXFileReference; fileEncoding = 4; lastKnownFileType = sourcecode.c.h; path = TableViewMenu.h; sourceTree = "<group>"; };
		27455E6018EE3BF800F7A524 /* TableViewMenu.m */ = {isa = PBXFileReference; fileEncoding = 4; lastKnownFileType = sourcecode.c.objc; path = TableViewMenu.m; sourceTree = "<group>"; };
		27455E6218EE3DD100F7A524 /* OverLayView.h */ = {isa = PBXFileReference; fileEncoding = 4; lastKnownFileType = sourcecode.c.h; path = OverLayView.h; sourceTree = "<group>"; };
		27455E6318EE3DD100F7A524 /* OverLayView.m */ = {isa = PBXFileReference; fileEncoding = 4; lastKnownFileType = sourcecode.c.objc; path = OverLayView.m; sourceTree = "<group>"; };
		27455E6518EE588000F7A524 /* AJKDetailViewController.h */ = {isa = PBXFileReference; fileEncoding = 4; lastKnownFileType = sourcecode.c.h; path = AJKDetailViewController.h; sourceTree = "<group>"; };
		27455E6618EE588000F7A524 /* AJKDetailViewController.m */ = {isa = PBXFileReference; fileEncoding = 4; lastKnownFileType = sourcecode.c.objc; path = AJKDetailViewController.m; sourceTree = "<group>"; };
		27A53D4318EE7F100075770D /* AJKMainViewController.h */ = {isa = PBXFileReference; fileEncoding = 4; lastKnownFileType = sourcecode.c.h; path = AJKMainViewController.h; sourceTree = "<group>"; };
		27A53D4418EE7F100075770D /* AJKMainViewController.m */ = {isa = PBXFileReference; fileEncoding = 4; lastKnownFileType = sourcecode.c.objc; path = AJKMainViewController.m; sourceTree = "<group>"; };
/* End PBXFileReference section */

/* Begin PBXFrameworksBuildPhase section */
		27437BAF18E5780A00D075D6 /* Frameworks */ = {
			isa = PBXFrameworksBuildPhase;
			buildActionMask = 2147483647;
			files = (
				27437BB818E5780A00D075D6 /* CoreGraphics.framework in Frameworks */,
				27437BBA18E5780A00D075D6 /* UIKit.framework in Frameworks */,
				27437BB618E5780A00D075D6 /* Foundation.framework in Frameworks */,
			);
			runOnlyForDeploymentPostprocessing = 0;
		};
		27437BCA18E5780A00D075D6 /* Frameworks */ = {
			isa = PBXFrameworksBuildPhase;
			buildActionMask = 2147483647;
			files = (
				27437BCF18E5780A00D075D6 /* XCTest.framework in Frameworks */,
				27437BD118E5780A00D075D6 /* UIKit.framework in Frameworks */,
				27437BD018E5780A00D075D6 /* Foundation.framework in Frameworks */,
			);
			runOnlyForDeploymentPostprocessing = 0;
		};
/* End PBXFrameworksBuildPhase section */

/* Begin PBXGroup section */
		27437BA918E5780A00D075D6 = {
			isa = PBXGroup;
			children = (
				27437BBB18E5780A00D075D6 /* TableViewCellMenu */,
				27437BD418E5780A00D075D6 /* TableViewCellMenuTests */,
				27437BB418E5780A00D075D6 /* Frameworks */,
				27437BB318E5780A00D075D6 /* Products */,
			);
			sourceTree = "<group>";
		};
		27437BB318E5780A00D075D6 /* Products */ = {
			isa = PBXGroup;
			children = (
				27437BB218E5780A00D075D6 /* TableViewCellMenu.app */,
				27437BCD18E5780A00D075D6 /* TableViewCellMenuTests.xctest */,
			);
			name = Products;
			sourceTree = "<group>";
		};
		27437BB418E5780A00D075D6 /* Frameworks */ = {
			isa = PBXGroup;
			children = (
				27437BB518E5780A00D075D6 /* Foundation.framework */,
				27437BB718E5780A00D075D6 /* CoreGraphics.framework */,
				27437BB918E5780A00D075D6 /* UIKit.framework */,
				27437BCE18E5780A00D075D6 /* XCTest.framework */,
			);
			name = Frameworks;
			sourceTree = "<group>";
		};
		27437BBB18E5780A00D075D6 /* TableViewCellMenu */ = {
			isa = PBXGroup;
			children = (
				27437BE418E5789300D075D6 /* tableViewCellMenu */,
				27437BC418E5780A00D075D6 /* AJKAppDelegate.h */,
				27437BC518E5780A00D075D6 /* AJKAppDelegate.m */,
				27A53D4318EE7F100075770D /* AJKMainViewController.h */,
				27A53D4418EE7F100075770D /* AJKMainViewController.m */,
				27455E5F18EE3BF800F7A524 /* TableViewMenu.h */,
				27455E6018EE3BF800F7A524 /* TableViewMenu.m */,
				2737102518EBAE0F0049309B /* TableMenuCell.h */,
				2737102618EBAE0F0049309B /* TableMenuCell.m */,
				27455E6218EE3DD100F7A524 /* OverLayView.h */,
				27455E6318EE3DD100F7A524 /* OverLayView.m */,
				27455E6518EE588000F7A524 /* AJKDetailViewController.h */,
				27455E6618EE588000F7A524 /* AJKDetailViewController.m */,
				27437BC718E5780A00D075D6 /* Images.xcassets */,
				27437BBC18E5780A00D075D6 /* Supporting Files */,
			);
			path = TableViewCellMenu;
			sourceTree = "<group>";
		};
		27437BBC18E5780A00D075D6 /* Supporting Files */ = {
			isa = PBXGroup;
			children = (
				27437BBD18E5780A00D075D6 /* TableViewCellMenu-Info.plist */,
				27437BBE18E5780A00D075D6 /* InfoPlist.strings */,
				27437BC118E5780A00D075D6 /* main.m */,
				27437BC318E5780A00D075D6 /* TableViewCellMenu-Prefix.pch */,
			);
			name = "Supporting Files";
			sourceTree = "<group>";
		};
		27437BD418E5780A00D075D6 /* TableViewCellMenuTests */ = {
			isa = PBXGroup;
			children = (
				27437BDA18E5780A00D075D6 /* TableViewCellMenuTests.m */,
				27437BD518E5780A00D075D6 /* Supporting Files */,
			);
			path = TableViewCellMenuTests;
			sourceTree = "<group>";
		};
		27437BD518E5780A00D075D6 /* Supporting Files */ = {
			isa = PBXGroup;
			children = (
				27437BD618E5780A00D075D6 /* TableViewCellMenuTests-Info.plist */,
				27437BD718E5780A00D075D6 /* InfoPlist.strings */,
			);
			name = "Supporting Files";
			sourceTree = "<group>";
		};
		27437BE418E5789300D075D6 /* tableViewCellMenu */ = {
			isa = PBXGroup;
			children = (
				27455C7418ECF4CA00F7A524 /* image */,
			);
			name = tableViewCellMenu;
			sourceTree = "<group>";
		};
		27455C7418ECF4CA00F7A524 /* image */ = {
			isa = PBXGroup;
			children = (
				27455C8E18ECF64200F7A524 /* 1HighLight.png */,
				27455C8F18ECF64200F7A524 /* 1Normal.png */,
				27455C9018ECF64200F7A524 /* 2HighLight.png */,
				27455C9118ECF64200F7A524 /* 2Normal.png */,
				27455C9218ECF64200F7A524 /* 3HighLight.png */,
				27455C9318ECF64200F7A524 /* 3Normal.png */,
			);
			path = image;
			sourceTree = "<group>";
		};
/* End PBXGroup section */

/* Begin PBXNativeTarget section */
		27437BB118E5780A00D075D6 /* TableViewCellMenu */ = {
			isa = PBXNativeTarget;
			buildConfigurationList = 27437BDE18E5780A00D075D6 /* Build configuration list for PBXNativeTarget "TableViewCellMenu" */;
			buildPhases = (
				27437BAE18E5780A00D075D6 /* Sources */,
				27437BAF18E5780A00D075D6 /* Frameworks */,
				27437BB018E5780A00D075D6 /* Resources */,
			);
			buildRules = (
			);
			dependencies = (
			);
			name = TableViewCellMenu;
			productName = TableViewCellMenu;
			productReference = 27437BB218E5780A00D075D6 /* TableViewCellMenu.app */;
			productType = "com.apple.product-type.application";
		};
		27437BCC18E5780A00D075D6 /* TableViewCellMenuTests */ = {
			isa = PBXNativeTarget;
			buildConfigurationList = 27437BE118E5780A00D075D6 /* Build configuration list for PBXNativeTarget "TableViewCellMenuTests" */;
			buildPhases = (
				27437BC918E5780A00D075D6 /* Sources */,
				27437BCA18E5780A00D075D6 /* Frameworks */,
				27437BCB18E5780A00D075D6 /* Resources */,
			);
			buildRules = (
			);
			dependencies = (
				27437BD318E5780A00D075D6 /* PBXTargetDependency */,
			);
			name = TableViewCellMenuTests;
			productName = TableViewCellMenuTests;
			productReference = 27437BCD18E5780A00D075D6 /* TableViewCellMenuTests.xctest */;
			productType = "com.apple.product-type.bundle.unit-test";
		};
/* End PBXNativeTarget section */

/* Begin PBXProject section */
		27437BAA18E5780A00D075D6 /* Project object */ = {
			isa = PBXProject;
			attributes = {
				CLASSPREFIX = AJK;
				LastUpgradeCheck = 0510;
				ORGANIZATIONNAME = "夏至";
				TargetAttributes = {
					27437BCC18E5780A00D075D6 = {
						TestTargetID = 27437BB118E5780A00D075D6;
					};
				};
			};
			buildConfigurationList = 27437BAD18E5780A00D075D6 /* Build configuration list for PBXProject "TableViewCellMenu" */;
			compatibilityVersion = "Xcode 3.2";
			developmentRegion = English;
			hasScannedForEncodings = 0;
			knownRegions = (
				en,
			);
			mainGroup = 27437BA918E5780A00D075D6;
			productRefGroup = 27437BB318E5780A00D075D6 /* Products */;
			projectDirPath = "";
			projectRoot = "";
			targets = (
				27437BB118E5780A00D075D6 /* TableViewCellMenu */,
				27437BCC18E5780A00D075D6 /* TableViewCellMenuTests */,
			);
		};
/* End PBXProject section */

/* Begin PBXResourcesBuildPhase section */
		27437BB018E5780A00D075D6 /* Resources */ = {
			isa = PBXResourcesBuildPhase;
			buildActionMask = 2147483647;
			files = (
				27455C9518ECF64200F7A524 /* 1Normal.png in Resources */,
				27437BC018E5780A00D075D6 /* InfoPlist.strings in Resources */,
				27455C9918ECF64200F7A524 /* 3Normal.png in Resources */,
				27455C9418ECF64200F7A524 /* 1HighLight.png in Resources */,
				27455C9718ECF64200F7A524 /* 2Normal.png in Resources */,
				27437BC818E5780A00D075D6 /* Images.xcassets in Resources */,
				27455C9818ECF64200F7A524 /* 3HighLight.png in Resources */,
				27455C9618ECF64200F7A524 /* 2HighLight.png in Resources */,
			);
			runOnlyForDeploymentPostprocessing = 0;
		};
		27437BCB18E5780A00D075D6 /* Resources */ = {
			isa = PBXResourcesBuildPhase;
			buildActionMask = 2147483647;
			files = (
				27437BD918E5780A00D075D6 /* InfoPlist.strings in Resources */,
			);
			runOnlyForDeploymentPostprocessing = 0;
		};
/* End PBXResourcesBuildPhase section */

/* Begin PBXSourcesBuildPhase section */
		27437BAE18E5780A00D075D6 /* Sources */ = {
			isa = PBXSourcesBuildPhase;
			buildActionMask = 2147483647;
			files = (
				27455E6718EE588000F7A524 /* AJKDetailViewController.m in Sources */,
				27437BC218E5780A00D075D6 /* main.m in Sources */,
				27455E6418EE3DD100F7A524 /* OverLayView.m in Sources */,
				27455E6118EE3BF800F7A524 /* TableViewMenu.m in Sources */,
				27A53D4518EE7F100075770D /* AJKMainViewController.m in Sources */,
				27437BC618E5780A00D075D6 /* AJKAppDelegate.m in Sources */,
				2737102718EBAE0F0049309B /* TableMenuCell.m in Sources */,
			);
			runOnlyForDeploymentPostprocessing = 0;
		};
		27437BC918E5780A00D075D6 /* Sources */ = {
			isa = PBXSourcesBuildPhase;
			buildActionMask = 2147483647;
			files = (
				27437BDB18E5780A00D075D6 /* TableViewCellMenuTests.m in Sources */,
			);
			runOnlyForDeploymentPostprocessing = 0;
		};
/* End PBXSourcesBuildPhase section */

/* Begin PBXTargetDependency section */
		27437BD318E5780A00D075D6 /* PBXTargetDependency */ = {
			isa = PBXTargetDependency;
			target = 27437BB118E5780A00D075D6 /* TableViewCellMenu */;
			targetProxy = 27437BD218E5780A00D075D6 /* PBXContainerItemProxy */;
		};
/* End PBXTargetDependency section */

/* Begin PBXVariantGroup section */
		27437BBE18E5780A00D075D6 /* InfoPlist.strings */ = {
			isa = PBXVariantGroup;
			children = (
				27437BBF18E5780A00D075D6 /* en */,
			);
			name = InfoPlist.strings;
			sourceTree = "<group>";
		};
		27437BD718E5780A00D075D6 /* InfoPlist.strings */ = {
			isa = PBXVariantGroup;
			children = (
				27437BD818E5780A00D075D6 /* en */,
			);
			name = InfoPlist.strings;
			sourceTree = "<group>";
		};
/* End PBXVariantGroup section */

/* Begin XCBuildConfiguration section */
		27437BDC18E5780A00D075D6 /* Debug */ = {
			isa = XCBuildConfiguration;
			buildSettings = {
				ALWAYS_SEARCH_USER_PATHS = NO;
				CLANG_CXX_LANGUAGE_STANDARD = "gnu++0x";
				CLANG_CXX_LIBRARY = "libc++";
				CLANG_ENABLE_MODULES = YES;
				CLANG_ENABLE_OBJC_ARC = YES;
				CLANG_WARN_BOOL_CONVERSION = YES;
				CLANG_WARN_CONSTANT_CONVERSION = YES;
				CLANG_WARN_DIRECT_OBJC_ISA_USAGE = YES_ERROR;
				CLANG_WARN_EMPTY_BODY = YES;
				CLANG_WARN_ENUM_CONVERSION = YES;
				CLANG_WARN_INT_CONVERSION = YES;
				CLANG_WARN_OBJC_ROOT_CLASS = YES_ERROR;
				CLANG_WARN__DUPLICATE_METHOD_MATCH = YES;
				"CODE_SIGN_IDENTITY[sdk=iphoneos*]" = "iPhone Developer";
				COPY_PHASE_STRIP = NO;
				GCC_C_LANGUAGE_STANDARD = gnu99;
				GCC_DYNAMIC_NO_PIC = NO;
				GCC_OPTIMIZATION_LEVEL = 0;
				GCC_PREPROCESSOR_DEFINITIONS = (
					"DEBUG=1",
					"$(inherited)",
				);
				GCC_SYMBOLS_PRIVATE_EXTERN = NO;
				GCC_WARN_64_TO_32_BIT_CONVERSION = YES;
				GCC_WARN_ABOUT_RETURN_TYPE = YES_ERROR;
				GCC_WARN_UNDECLARED_SELECTOR = YES;
				GCC_WARN_UNINITIALIZED_AUTOS = YES_AGGRESSIVE;
				GCC_WARN_UNUSED_FUNCTION = YES;
				GCC_WARN_UNUSED_VARIABLE = YES;
				IPHONEOS_DEPLOYMENT_TARGET = 7.1;
				ONLY_ACTIVE_ARCH = YES;
				SDKROOT = iphoneos;
			};
			name = Debug;
		};
		27437BDD18E5780A00D075D6 /* Release */ = {
			isa = XCBuildConfiguration;
			buildSettings = {
				ALWAYS_SEARCH_USER_PATHS = NO;
				CLANG_CXX_LANGUAGE_STANDARD = "gnu++0x";
				CLANG_CXX_LIBRARY = "libc++";
				CLANG_ENABLE_MODULES = YES;
				CLANG_ENABLE_OBJC_ARC = YES;
				CLANG_WARN_BOOL_CONVERSION = YES;
				CLANG_WARN_CONSTANT_CONVERSION = YES;
				CLANG_WARN_DIRECT_OBJC_ISA_USAGE = YES_ERROR;
				CLANG_WARN_EMPTY_BODY = YES;
				CLANG_WARN_ENUM_CONVERSION = YES;
				CLANG_WARN_INT_CONVERSION = YES;
				CLANG_WARN_OBJC_ROOT_CLASS = YES_ERROR;
				CLANG_WARN__DUPLICATE_METHOD_MATCH = YES;
				"CODE_SIGN_IDENTITY[sdk=iphoneos*]" = "iPhone Developer";
				COPY_PHASE_STRIP = YES;
				ENABLE_NS_ASSERTIONS = NO;
				GCC_C_LANGUAGE_STANDARD = gnu99;
				GCC_WARN_64_TO_32_BIT_CONVERSION = YES;
				GCC_WARN_ABOUT_RETURN_TYPE = YES_ERROR;
				GCC_WARN_UNDECLARED_SELECTOR = YES;
				GCC_WARN_UNINITIALIZED_AUTOS = YES_AGGRESSIVE;
				GCC_WARN_UNUSED_FUNCTION = YES;
				GCC_WARN_UNUSED_VARIABLE = YES;
				IPHONEOS_DEPLOYMENT_TARGET = 7.1;
				SDKROOT = iphoneos;
				VALIDATE_PRODUCT = YES;
			};
			name = Release;
		};
		27437BDF18E5780A00D075D6 /* Debug */ = {
			isa = XCBuildConfiguration;
			buildSettings = {
				ASSETCATALOG_COMPILER_APPICON_NAME = AppIcon;
				ASSETCATALOG_COMPILER_LAUNCHIMAGE_NAME = LaunchImage;
				GCC_PRECOMPILE_PREFIX_HEADER = YES;
				GCC_PREFIX_HEADER = "TableViewCellMenu/TableViewCellMenu-Prefix.pch";
				INFOPLIST_FILE = "TableViewCellMenu/TableViewCellMenu-Info.plist";
				IPHONEOS_DEPLOYMENT_TARGET = 6.0;
				PRODUCT_NAME = "$(TARGET_NAME)";
				WRAPPER_EXTENSION = app;
			};
			name = Debug;
		};
		27437BE018E5780A00D075D6 /* Release */ = {
			isa = XCBuildConfiguration;
			buildSettings = {
				ASSETCATALOG_COMPILER_APPICON_NAME = AppIcon;
				ASSETCATALOG_COMPILER_LAUNCHIMAGE_NAME = LaunchImage;
				GCC_PRECOMPILE_PREFIX_HEADER = YES;
				GCC_PREFIX_HEADER = "TableViewCellMenu/TableViewCellMenu-Prefix.pch";
				INFOPLIST_FILE = "TableViewCellMenu/TableViewCellMenu-Info.plist";
				IPHONEOS_DEPLOYMENT_TARGET = 6.0;
				PRODUCT_NAME = "$(TARGET_NAME)";
				WRAPPER_EXTENSION = app;
			};
			name = Release;
		};
		27437BE218E5780A00D075D6 /* Debug */ = {
			isa = XCBuildConfiguration;
			buildSettings = {
				BUNDLE_LOADER = "$(BUILT_PRODUCTS_DIR)/TableViewCellMenu.app/TableViewCellMenu";
				FRAMEWORK_SEARCH_PATHS = (
					"$(SDKROOT)/Developer/Library/Frameworks",
					"$(inherited)",
					"$(DEVELOPER_FRAMEWORKS_DIR)",
				);
				GCC_PRECOMPILE_PREFIX_HEADER = YES;
				GCC_PREFIX_HEADER = "TableViewCellMenu/TableViewCellMenu-Prefix.pch";
				GCC_PREPROCESSOR_DEFINITIONS = (
					"DEBUG=1",
					"$(inherited)",
				);
				INFOPLIST_FILE = "TableViewCellMenuTests/TableViewCellMenuTests-Info.plist";
				PRODUCT_NAME = "$(TARGET_NAME)";
				TEST_HOST = "$(BUNDLE_LOADER)";
				WRAPPER_EXTENSION = xctest;
			};
			name = Debug;
		};
		27437BE318E5780A00D075D6 /* Release */ = {
			isa = XCBuildConfiguration;
			buildSettings = {
				BUNDLE_LOADER = "$(BUILT_PRODUCTS_DIR)/TableViewCellMenu.app/TableViewCellMenu";
				FRAMEWORK_SEARCH_PATHS = (
					"$(SDKROOT)/Developer/Library/Frameworks",
					"$(inherited)",
					"$(DEVELOPER_FRAMEWORKS_DIR)",
				);
				GCC_PRECOMPILE_PREFIX_HEADER = YES;
				GCC_PREFIX_HEADER = "TableViewCellMenu/TableViewCellMenu-Prefix.pch";
				INFOPLIST_FILE = "TableViewCellMenuTests/TableViewCellMenuTests-Info.plist";
				PRODUCT_NAME = "$(TARGET_NAME)";
				TEST_HOST = "$(BUNDLE_LOADER)";
				WRAPPER_EXTENSION = xctest;
			};
			name = Release;
		};
/* End XCBuildConfiguration section */

/* Begin XCConfigurationList section */
		27437BAD18E5780A00D075D6 /* Build configuration list for PBXProject "TableViewCellMenu" */ = {
			isa = XCConfigurationList;
			buildConfigurations = (
				27437BDC18E5780A00D075D6 /* Debug */,
				27437BDD18E5780A00D075D6 /* Release */,
			);
			defaultConfigurationIsVisible = 0;
			defaultConfigurationName = Release;
		};
		27437BDE18E5780A00D075D6 /* Build configuration list for PBXNativeTarget "TableViewCellMenu" */ = {
			isa = XCConfigurationList;
			buildConfigurations = (
				27437BDF18E5780A00D075D6 /* Debug */,
				27437BE018E5780A00D075D6 /* Release */,
			);
			defaultConfigurationIsVisible = 0;
			defaultConfigurationName = Release;
		};
		27437BE118E5780A00D075D6 /* Build configuration list for PBXNativeTarget "TableViewCellMenuTests" */ = {
			isa = XCConfigurationList;
			buildConfigurations = (
				27437BE218E5780A00D075D6 /* Debug */,
				27437BE318E5780A00D075D6 /* Release */,
			);
			defaultConfigurationIsVisible = 0;
			defaultConfigurationName = Release;
		};
/* End XCConfigurationList section */
	};
	rootObject = 27437BAA18E5780A00D075D6 /* Project object */;
}
